// !$*UTF8*$!
{
	archiveVersion = 1;
	classes = {
	};
	objectVersion = 46;
	objects = {

/* Begin PBXAggregateTarget section */
		E590DE2512785D6900C85463 /* All */ = {
			isa = PBXAggregateTarget;
			buildConfigurationList = E590DE2C12785D9200C85463 /* Build configuration list for PBXAggregateTarget "All" */;
			buildPhases = (
			);
			dependencies = (
				E590DE2912785D6F00C85463 /* PBXTargetDependency */,
				E590DE2B12785D7400C85463 /* PBXTargetDependency */,
			);
			name = All;
			productName = All;
		};
/* End PBXAggregateTarget section */

/* Begin PBXBuildFile section */
		32D94FCA0562CBF700B6AF17 /* EnsoniqAudioPCI.cpp in Sources */ = {isa = PBXBuildFile; fileRef = 1A224C3FFF42367911CA2CB7 /* EnsoniqAudioPCI.cpp */; settings = {ATTRIBUTES = (); }; };
		E5C437AA10B4247600B96130 /* CoreAudio.framework in Frameworks */ = {isa = PBXBuildFile; fileRef = E5EECD8610B41FDD002D6C27 /* CoreAudio.framework */; };
		E5EECD8510B41FC0002D6C27 /* EnsoniqCoreAudioPlugIn.c in Sources */ = {isa = PBXBuildFile; fileRef = E5EECD8410B41FC0002D6C27 /* EnsoniqCoreAudioPlugIn.c */; };
		E5F61BA510B46AB3004153F5 /* IOKit.framework in Frameworks */ = {isa = PBXBuildFile; fileRef = E5F617AF10B46A96004153F5 /* IOKit.framework */; };
		E5F61BBB10B46E55004153F5 /* CoreFoundation.framework in Frameworks */ = {isa = PBXBuildFile; fileRef = E5F61BBA10B46E55004153F5 /* CoreFoundation.framework */; };
/* End PBXBuildFile section */

/* Begin PBXContainerItemProxy section */
		E590DE2812785D6F00C85463 /* PBXContainerItemProxy */ = {
			isa = PBXContainerItemProxy;
			containerPortal = 089C1669FE841209C02AAC07 /* Project object */;
			proxyType = 1;
			remoteGlobalIDString = 32D94FC30562CBF700B6AF17;
			remoteInfo = EnsoniqAudioPCI;
		};
		E590DE2A12785D7400C85463 /* PBXContainerItemProxy */ = {
			isa = PBXContainerItemProxy;
			containerPortal = 089C1669FE841209C02AAC07 /* Project object */;
			proxyType = 1;
			remoteGlobalIDString = E5BD4A9810B41E7800CA7404;
			remoteInfo = EnsoniqCoreAudioPlugIn;
		};
/* End PBXContainerItemProxy section */

/* Begin PBXFileReference section */
		1A224C3EFF42367911CA2CB7 /* EnsoniqAudioPCI.h */ = {isa = PBXFileReference; lastKnownFileType = sourcecode.c.h; path = EnsoniqAudioPCI.h; sourceTree = "<group>"; };
		1A224C3FFF42367911CA2CB7 /* EnsoniqAudioPCI.cpp */ = {isa = PBXFileReference; lastKnownFileType = sourcecode.cpp.cpp; path = EnsoniqAudioPCI.cpp; sourceTree = "<group>"; };
		32D94FCF0562CBF700B6AF17 /* Info-Ensoniq.plist */ = {isa = PBXFileReference; lastKnownFileType = text.plist.xml; path = "Info-Ensoniq.plist"; sourceTree = "<group>"; };
		32D94FD00562CBF700B6AF17 /* EnsoniqAudioPCI.kext */ = {isa = PBXFileReference; explicitFileType = wrapper.cfbundle; includeInIndex = 0; path = EnsoniqAudioPCI.kext; sourceTree = BUILT_PRODUCTS_DIR; };
		7989365910161B100052A62A /* es137x_xtra.h */ = {isa = PBXFileReference; lastKnownFileType = sourcecode.c.h; path = es137x_xtra.h; sourceTree = "<group>"; };
		79916F9D100D03EC00CD6E9C /* es137x.h */ = {isa = PBXFileReference; lastKnownFileType = sourcecode.c.h; path = es137x.h; sourceTree = "<group>"; };
		E522395D10B4276C0085C244 /* Generic.xcconfig */ = {isa = PBXFileReference; lastKnownFileType = text.xcconfig; path = Generic.xcconfig; sourceTree = "<group>"; };
		E5BD4A9910B41E7800CA7404 /* EnsoniqCoreAudioPlugIn.bundle */ = {isa = PBXFileReference; explicitFileType = wrapper.cfbundle; includeInIndex = 0; path = EnsoniqCoreAudioPlugIn.bundle; sourceTree = BUILT_PRODUCTS_DIR; };
		E5BD4AA010B41ED000CA7404 /* Info-PlugIn.plist */ = {isa = PBXFileReference; lastKnownFileType = text.plist.xml; path = "Info-PlugIn.plist"; sourceTree = "<group>"; };
		E5EECD8410B41FC0002D6C27 /* EnsoniqCoreAudioPlugIn.c */ = {isa = PBXFileReference; lastKnownFileType = sourcecode.c.c; path = EnsoniqCoreAudioPlugIn.c; sourceTree = "<group>"; };
		E5EECD8610B41FDD002D6C27 /* CoreAudio.framework */ = {isa = PBXFileReference; lastKnownFileType = wrapper.framework; name = CoreAudio.framework; path = System/Library/Frameworks/CoreAudio.framework; sourceTree = SDKROOT; };
		E5F617AF10B46A96004153F5 /* IOKit.framework */ = {isa = PBXFileReference; lastKnownFileType = wrapper.framework; name = IOKit.framework; path = System/Library/Frameworks/IOKit.framework; sourceTree = SDKROOT; };
		E5F61BBA10B46E55004153F5 /* CoreFoundation.framework */ = {isa = PBXFileReference; lastKnownFileType = wrapper.framework; name = CoreFoundation.framework; path = System/Library/Frameworks/CoreFoundation.framework; sourceTree = SDKROOT; };
/* End PBXFileReference section */

/* Begin PBXFrameworksBuildPhase section */
		E5BD4A9710B41E7800CA7404 /* Frameworks */ = {
			isa = PBXFrameworksBuildPhase;
			buildActionMask = 2147483647;
			files = (
				E5C437AA10B4247600B96130 /* CoreAudio.framework in Frameworks */,
				E5F61BA510B46AB3004153F5 /* IOKit.framework in Frameworks */,
				E5F61BBB10B46E55004153F5 /* CoreFoundation.framework in Frameworks */,
			);
			runOnlyForDeploymentPostprocessing = 0;
		};
/* End PBXFrameworksBuildPhase section */

/* Begin PBXGroup section */
		089C166AFE841209C02AAC07 /* EnsoniqAudioPCI */ = {
			isa = PBXGroup;
			children = (
				E5BD4A9F10B41E8E00CA7404 /* EnsoniqCoreAudioPlugIn */,
				7982B96E100DE1D700D844A0 /* Header */,
				247142CAFF3F8F9811CA285C /* Source */,
				089C167CFE841241C02AAC07 /* Resources */,
				19C28FB6FE9D52B211CA2CBB /* Products */,
				E522395D10B4276C0085C244 /* Generic.xcconfig */,
			);
			name = EnsoniqAudioPCI;
			sourceTree = "<group>";
		};
		089C167CFE841241C02AAC07 /* Resources */ = {
			isa = PBXGroup;
			children = (
				E5BD4AA010B41ED000CA7404 /* Info-PlugIn.plist */,
				32D94FCF0562CBF700B6AF17 /* Info-Ensoniq.plist */,
			);
			name = Resources;
			sourceTree = "<group>";
		};
		19C28FB6FE9D52B211CA2CBB /* Products */ = {
			isa = PBXGroup;
			children = (
				32D94FD00562CBF700B6AF17 /* EnsoniqAudioPCI.kext */,
				E5BD4A9910B41E7800CA7404 /* EnsoniqCoreAudioPlugIn.bundle */,
			);
			name = Products;
			sourceTree = "<group>";
		};
		247142CAFF3F8F9811CA285C /* Source */ = {
			isa = PBXGroup;
			children = (
				1A224C3FFF42367911CA2CB7 /* EnsoniqAudioPCI.cpp */,
			);
			name = Source;
			sourceTree = "<group>";
		};
		7982B96E100DE1D700D844A0 /* Header */ = {
			isa = PBXGroup;
			children = (
				1A224C3EFF42367911CA2CB7 /* EnsoniqAudioPCI.h */,
				79916F9D100D03EC00CD6E9C /* es137x.h */,
				7989365910161B100052A62A /* es137x_xtra.h */,
			);
			name = Header;
			sourceTree = "<group>";
		};
		E5BD4A9F10B41E8E00CA7404 /* EnsoniqCoreAudioPlugIn */ = {
			isa = PBXGroup;
			children = (
				E5EECD8410B41FC0002D6C27 /* EnsoniqCoreAudioPlugIn.c */,
				E5EECD8610B41FDD002D6C27 /* CoreAudio.framework */,
				E5F617AF10B46A96004153F5 /* IOKit.framework */,
				E5F61BBA10B46E55004153F5 /* CoreFoundation.framework */,
			);
			name = EnsoniqCoreAudioPlugIn;
			sourceTree = "<group>";
		};
/* End PBXGroup section */

/* Begin PBXNativeTarget section */
		32D94FC30562CBF700B6AF17 /* EnsoniqAudioPCI */ = {
			isa = PBXNativeTarget;
			buildConfigurationList = 1DEB91D908733DB10010E9CD /* Build configuration list for PBXNativeTarget "EnsoniqAudioPCI" */;
			buildPhases = (
				32D94FC90562CBF700B6AF17 /* Sources */,
			);
			buildRules = (
			);
			dependencies = (
			);
			name = EnsoniqAudioPCI;
			productInstallPath = "$(SYSTEM_LIBRARY_DIR)/Extensions";
			productName = EnsoniqAudioPCI;
			productReference = 32D94FD00562CBF700B6AF17 /* EnsoniqAudioPCI.kext */;
			productType = "com.apple.product-type.kernel-extension.iokit";
		};
		E5BD4A9810B41E7800CA7404 /* EnsoniqCoreAudioPlugIn */ = {
			isa = PBXNativeTarget;
			buildConfigurationList = E5BD4A9E10B41E7800CA7404 /* Build configuration list for PBXNativeTarget "EnsoniqCoreAudioPlugIn" */;
			buildPhases = (
				E5BD4A9610B41E7800CA7404 /* Sources */,
				E5BD4A9710B41E7800CA7404 /* Frameworks */,
			);
			buildRules = (
			);
			dependencies = (
			);
			name = EnsoniqCoreAudioPlugIn;
			productName = EnsoniqCoreAudioPlugIn;
			productReference = E5BD4A9910B41E7800CA7404 /* EnsoniqCoreAudioPlugIn.bundle */;
			productType = "com.apple.product-type.bundle";
		};
/* End PBXNativeTarget section */

/* Begin PBXProject section */
		089C1669FE841209C02AAC07 /* Project object */ = {
			isa = PBXProject;
			buildConfigurationList = 1DEB91DD08733DB10010E9CD /* Build configuration list for PBXProject "EnsoniqAudioPCI" */;
			compatibilityVersion = "Xcode 3.2";
			developmentRegion = English;
			hasScannedForEncodings = 1;
			knownRegions = (
				English,
				Japanese,
				French,
				German,
			);
			mainGroup = 089C166AFE841209C02AAC07 /* EnsoniqAudioPCI */;
			projectDirPath = "";
			projectRoot = "";
			targets = (
				32D94FC30562CBF700B6AF17 /* EnsoniqAudioPCI */,
				E5BD4A9810B41E7800CA7404 /* EnsoniqCoreAudioPlugIn */,
				E590DE2512785D6900C85463 /* All */,
			);
		};
/* End PBXProject section */

/* Begin PBXSourcesBuildPhase section */
		32D94FC90562CBF700B6AF17 /* Sources */ = {
			isa = PBXSourcesBuildPhase;
			buildActionMask = 2147483647;
			files = (
				32D94FCA0562CBF700B6AF17 /* EnsoniqAudioPCI.cpp in Sources */,
			);
			runOnlyForDeploymentPostprocessing = 0;
		};
		E5BD4A9610B41E7800CA7404 /* Sources */ = {
			isa = PBXSourcesBuildPhase;
			buildActionMask = 2147483647;
			files = (
				E5EECD8510B41FC0002D6C27 /* EnsoniqCoreAudioPlugIn.c in Sources */,
			);
			runOnlyForDeploymentPostprocessing = 0;
		};
/* End PBXSourcesBuildPhase section */

/* Begin PBXTargetDependency section */
		E590DE2912785D6F00C85463 /* PBXTargetDependency */ = {
			isa = PBXTargetDependency;
			target = 32D94FC30562CBF700B6AF17 /* EnsoniqAudioPCI */;
			targetProxy = E590DE2812785D6F00C85463 /* PBXContainerItemProxy */;
		};
		E590DE2B12785D7400C85463 /* PBXTargetDependency */ = {
			isa = PBXTargetDependency;
			target = E5BD4A9810B41E7800CA7404 /* EnsoniqCoreAudioPlugIn */;
			targetProxy = E590DE2A12785D7400C85463 /* PBXContainerItemProxy */;
		};
/* End PBXTargetDependency section */

/* Begin XCBuildConfiguration section */
		1DEB91DB08733DB10010E9CD /* ReleaseLeo */ = {
			isa = XCBuildConfiguration;
			buildSettings = {
				COREAUDIO_PLUGIN_PATH = AppleAC97Audio.kext/Contents/PlugIns/EnsoniqCoreAudioPlugIn.bundle;
				ENGINE_DESCRIPTION = "VMware VMaudio (VMAUDIO)";
				GCC_PREPROCESSOR_DEFINITIONS = FAST_ERASE;
				HEADER_SEARCH_PATHS = IOAC97Family;
				INFOPLIST_FILE = "Info-Ensoniq.plist";
				INFOPLIST_PREPROCESS = YES;
				MODULE_NAME = net.osx86.driver.EnsoniqAudioPCI;
				OTHER_LDFLAGS = "-Wl,-i__ZN9IOService22copyClientWithCategoryEPK8OSSymbol:__ZN9IOService19_RESERVEDIOService5Ev";
				PRODUCT_NAME = EnsoniqAudioPCI;
				STRIPFLAGS = "-no_uuid -i -r strip_kext_1050.txt";
				WRAPPER_EXTENSION = kext;
			};
			name = ReleaseLeo;
		};
		1DEB91DF08733DB10010E9CD /* ReleaseLeo */ = {
			isa = XCBuildConfiguration;
			baseConfigurationReference = E522395D10B4276C0085C244 /* Generic.xcconfig */;
			buildSettings = {
				ARCHS = i386;
				COPYRIGHT_NOTICE = "Copyright 2009-2011 Zenith432";
				CURRENT_PROJECT_VERSION = 1.0.3;
				DYLIB_COMPATIBILITY_VERSION = 1.0.0;
				DYLIB_CURRENT_VERSION = "$(CURRENT_PROJECT_VERSION)";
				INSTALL_PATH = "$(SYSTEM_LIBRARY_DIR)/Extensions/AppleAC97Audio.kext/Contents/PlugIns";
				MACOSX_DEPLOYMENT_TARGET = 10.5;
				MODULE_VERSION = "$(CURRENT_PROJECT_VERSION)";
				SDKROOT = macosx;
				STRIPFLAGS = "-no_uuid";
			};
			name = ReleaseLeo;
		};
		E590DE2612785D6900C85463 /* ReleaseSnowLeo */ = {
			isa = XCBuildConfiguration;
			buildSettings = {
				PRODUCT_NAME = All;
			};
			name = ReleaseSnowLeo;
		};
		E590DE2712785D6900C85463 /* ReleaseLeo */ = {
			isa = XCBuildConfiguration;
			buildSettings = {
				PRODUCT_NAME = All;
			};
			name = ReleaseLeo;
		};
		E592A1F6109CCE1800DB5373 /* ReleaseSnowLeo */ = {
			isa = XCBuildConfiguration;
			baseConfigurationReference = E522395D10B4276C0085C244 /* Generic.xcconfig */;
			buildSettings = {
				ARCHS = (
					x86_64,
					i386,
				);
				COPYRIGHT_NOTICE = "Copyright 2009-2011 Zenith432";
				CURRENT_PROJECT_VERSION = 1.0.3;
				DYLIB_COMPATIBILITY_VERSION = 1.0.0;
				DYLIB_CURRENT_VERSION = "$(CURRENT_PROJECT_VERSION)";
				INSTALL_PATH = "$(SYSTEM_LIBRARY_DIR)/Extensions/AppleAC97Audio.kext/Contents/PlugIns";
				MACOSX_DEPLOYMENT_TARGET = 10.6;
				MODULE_VERSION = "$(CURRENT_PROJECT_VERSION)";
				SDKROOT = macosx;
				STRIPFLAGS = "-no_uuid";
			};
			name = ReleaseSnowLeo;
		};
		E592A1F7109CCE1800DB5373 /* ReleaseSnowLeo */ = {
			isa = XCBuildConfiguration;
			buildSettings = {
				COREAUDIO_PLUGIN_PATH = AppleAC97Audio.kext/Contents/PlugIns/EnsoniqCoreAudioPlugIn.bundle;
				ENGINE_DESCRIPTION = "VMware VMaudio (VMAUDIO)";
				GCC_PREPROCESSOR_DEFINITIONS = FAST_ERASE;
				HEADER_SEARCH_PATHS = IOAC97Family;
				INFOPLIST_FILE = "Info-Ensoniq.plist";
				INFOPLIST_PREPROCESS = YES;
				MODULE_NAME = net.osx86.driver.EnsoniqAudioPCI;
				PRODUCT_NAME = EnsoniqAudioPCI;
				STRIP_STYLE = "non-global";
				WRAPPER_EXTENSION = kext;
			};
			name = ReleaseSnowLeo;
		};
		E5BD4A9C10B41E7800CA7404 /* ReleaseLeo */ = {
			isa = XCBuildConfiguration;
			buildSettings = {
				ARCHS = (
					x86_64,
					i386,
				);
				GCC_PREPROCESSOR_DEFINITIONS = "HAL_Build=1";
				INFOPLIST_FILE = "Info-PlugIn.plist";
				MODULE_NAME = net.osx86.audio.EnsoniqCoreAudioPlugIn;
				OTHER_CFLAGS = "-fconstant-cfstrings";
				PRODUCT_NAME = EnsoniqCoreAudioPlugIn;
				VERSIONING_SYSTEM = "apple-generic";
				VERSION_INFO_EXPORT_DECL = "__attribute__((visibility(\"hidden\")))";
			};
			name = ReleaseLeo;
		};
		E5BD4A9D10B41E7800CA7404 /* ReleaseSnowLeo */ = {
			isa = XCBuildConfiguration;
			buildSettings = {
				GCC_PREPROCESSOR_DEFINITIONS = "HAL_Build=1";
				INFOPLIST_FILE = "Info-PlugIn.plist";
				MODULE_NAME = net.osx86.audio.EnsoniqCoreAudioPlugIn;
				OTHER_CFLAGS = "-fconstant-cfstrings";
				PRODUCT_NAME = EnsoniqCoreAudioPlugIn;
				VERSIONING_SYSTEM = "apple-generic";
				VERSION_INFO_EXPORT_DECL = "__attribute__((visibility(\"hidden\")))";
			};
			name = ReleaseSnowLeo;
		};
/* End XCBuildConfiguration section */

/* Begin XCConfigurationList section */
		1DEB91D908733DB10010E9CD /* Build configuration list for PBXNativeTarget "EnsoniqAudioPCI" */ = {
			isa = XCConfigurationList;
			buildConfigurations = (
				E592A1F7109CCE1800DB5373 /* ReleaseSnowLeo */,
				1DEB91DB08733DB10010E9CD /* ReleaseLeo */,
			);
			defaultConfigurationIsVisible = 0;
			defaultConfigurationName = ReleaseSnowLeo;
		};
		1DEB91DD08733DB10010E9CD /* Build configuration list for PBXProject "EnsoniqAudioPCI" */ = {
			isa = XCConfigurationList;
			buildConfigurations = (
				E592A1F6109CCE1800DB5373 /* ReleaseSnowLeo */,
				1DEB91DF08733DB10010E9CD /* ReleaseLeo */,
			);
			defaultConfigurationIsVisible = 0;
			defaultConfigurationName = ReleaseSnowLeo;
		};
		E590DE2C12785D9200C85463 /* Build configuration list for PBXAggregateTarget "All" */ = {
			isa = XCConfigurationList;
			buildConfigurations = (
				E590DE2612785D6900C85463 /* ReleaseSnowLeo */,
				E590DE2712785D6900C85463 /* ReleaseLeo */,
			);
			defaultConfigurationIsVisible = 0;
			defaultConfigurationName = ReleaseSnowLeo;
		};
		E5BD4A9E10B41E7800CA7404 /* Build configuration list for PBXNativeTarget "EnsoniqCoreAudioPlugIn" */ = {
			isa = XCConfigurationList;
			buildConfigurations = (
				E5BD4A9D10B41E7800CA7404 /* ReleaseSnowLeo */,
				E5BD4A9C10B41E7800CA7404 /* ReleaseLeo */,
			);
			defaultConfigurationIsVisible = 0;
			defaultConfigurationName = ReleaseSnowLeo;
		};
/* End XCConfigurationList section */
	};
	rootObject = 089C1669FE841209C02AAC07 /* Project object */;
}
